
Microsoft Visual Studio Solution File, Format Version 12.00
# Visual Studio 14
VisualStudioVersion = 14.0.25420.1
MinimumVisualStudioVersion = 10.0.40219.1
Project("{FAE04EC0-301F-11D3-BF4B-00C04F79EFBC}") = "KloudApp", "KloudApp\KloudApp.csproj", "{56FA90AB-E36E-4423-B865-B388B68598A0}"
EndProject
Project("{FAE04EC0-301F-11D3-BF4B-00C04F79EFBC}") = "Kloud.BusinessLogic", "Kloud.BusinessLogic\Kloud.BusinessLogic.csproj", "{DA4FEA37-9678-4449-BBAF-07150F35350B}"
EndProject
Project("{FAE04EC0-301F-11D3-BF4B-00C04F79EFBC}") = "KloudApp.Tests", "KloudApp.Tests\KloudApp.Tests.csproj", "{55D86212-3B2E-488A-8290-4EAFCDE38C15}"
EndProject
Project("{FAE04EC0-301F-11D3-BF4B-00C04F79EFBC}") = "Kloud.Models", "Kloud.Models\Kloud.Models.csproj", "{10601F79-72F1-4181-BD0A-A35CBD633F24}"
EndProject
Global
	GlobalSection(SolutionConfigurationPlatforms) = preSolution
		Debug|Any CPU = Debug|Any CPU
		Release|Any CPU = Release|Any CPU
	EndGlobalSection
	GlobalSection(ProjectConfigurationPlatforms) = postSolution
		{56FA90AB-E36E-4423-B865-B388B68598A0}.Debug|Any CPU.ActiveCfg = Debug|Any CPU
		{56FA90AB-E36E-4423-B865-B388B68598A0}.Debug|Any CPU.Build.0 = Debug|Any CPU
		{56FA90AB-E36E-4423-B865-B388B68598A0}.Release|Any CPU.ActiveCfg = Release|Any CPU
		{56FA90AB-E36E-4423-B865-B388B68598A0}.Release|Any CPU.Build.0 = Release|Any CPU
		{DA4FEA37-9678-4449-BBAF-07150F35350B}.Debug|Any CPU.ActiveCfg = Debug|Any CPU
		{DA4FEA37-9678-4449-BBAF-07150F35350B}.Debug|Any CPU.Build.0 = Debug|Any CPU
		{DA4FEA37-9678-4449-BBAF-07150F35350B}.Release|Any CPU.ActiveCfg = Release|Any CPU
		{DA4FEA37-9678-4449-BBAF-07150F35350B}.Release|Any CPU.Build.0 = Release|Any CPU
		{55D86212-3B2E-488A-8290-4EAFCDE38C15}.Debug|Any CPU.ActiveCfg = Debug|Any CPU
		{55D86212-3B2E-488A-8290-4EAFCDE38C15}.Debug|Any CPU.Build.0 = Debug|Any CPU
		{55D86212-3B2E-488A-8290-4EAFCDE38C15}.Release|Any CPU.ActiveCfg = Release|Any CPU
		{55D86212-3B2E-488A-8290-4EAFCDE38C15}.Release|Any CPU.Build.0 = Release|Any CPU
		{10601F79-72F1-4181-BD0A-A35CBD633F24}.Debug|Any CPU.ActiveCfg = Debug|Any CPU
		{10601F79-72F1-4181-BD0A-A35CBD633F24}.Debug|Any CPU.Build.0 = Debug|Any CPU
		{10601F79-72F1-4181-BD0A-A35CBD633F24}.Release|Any CPU.ActiveCfg = Release|Any CPU
		{10601F79-72F1-4181-BD0A-A35CBD633F24}.Release|Any CPU.Build.0 = Release|Any CPU
	EndGlobalSection
	GlobalSection(SolutionProperties) = preSolution
		HideSolutionNode = FALSE
	EndGlobalSection
EndGlobal
